{
	"name": "zitkino",
	"requires": true,
	"lockfileVersion": 1,
	"dependencies": {
		"@fortawesome/fontawesome-free-webfonts": {
			"version": "1.0.2",
			"resolved": "https://registry.npmjs.org/@fortawesome/fontawesome-free-webfonts/-/fontawesome-free-webfonts-1.0.2.tgz",
			"integrity": "sha512-VfXdVgQtMcR+0vAb54mKyCSBASNh94Z+u9tfS3B6GY0Oc/gDbdceVXKv2aA+VRWfbgOx4tuCv3mluX6gMzDJPg=="
		},
		"jquery": {
			"version": "3.2.1",
			"resolved": "https://registry.npmjs.org/jquery/-/jquery-3.2.1.tgz",
			"integrity": "sha1-XE2d5lKvbNCncBVKYxu6ErAVx4c="
		}
	}
}
