# THIS IS AN AUTOGENERATED FILE. DO NOT EDIT THIS FILE DIRECTLY.
# yarn lockfile v1


"@fortawesome/fontawesome-free-webfonts@^1.0.1":
  version "1.0.2"
  resolved "https://npm.fontawesome.com/A68C9CE4-2A19-4787-9A03-2A2A396538B0/@fortawesome/fontawesome-free-webfonts/-/fontawesome-free-webfonts-1.0.2.tgz#0bbc883687ce10564ee1c9f4042563a8f9048221"

jquery@3.2.1:
  version "3.2.1"
  resolved "https://registry.yarnpkg.com/jquery/-/jquery-3.2.1.tgz#5c4d9de652af6cd0a770154a631bba12b015c787"
